
Microsoft Visual Studio Solution File, Format Version 12.00
# Visual Studio Version 16
VisualStudioVersion = 16.0.32428.217
MinimumVisualStudioVersion = 10.0.40219.1
Project("{FAE04EC0-301F-11D3-BF4B-00C04F79EFBC}") = "Sudoku", "Sudoku.csproj", "{8419124E-08B2-4B21-B3AD-DBE2F877C9EE}"
EndProject
Global
	GlobalSection(SolutionConfigurationPlatforms) = preSolution
		Debug|Any CPU = Debug|Any CPU
		Release|Any CPU = Release|Any CPU
	EndGlobalSection
	GlobalSection(ProjectConfigurationPlatforms) = postSolution
		{8419124E-08B2-4B21-B3AD-DBE2F877C9EE}.Debug|Any CPU.ActiveCfg = Debug|Any CPU
		{8419124E-08B2-4B21-B3AD-DBE2F877C9EE}.Debug|Any CPU.Build.0 = Debug|Any CPU
		{8419124E-08B2-4B21-B3AD-DBE2F877C9EE}.Release|Any CPU.ActiveCfg = Release|Any CPU
		{8419124E-08B2-4B21-B3AD-DBE2F877C9EE}.Release|Any CPU.Build.0 = Release|Any CPU
	EndGlobalSection
	GlobalSection(SolutionProperties) = preSolution
		HideSolutionNode = FALSE
	EndGlobalSection
	GlobalSection(ExtensibilityGlobals) = postSolution
		SolutionGuid = {C31E2EBB-72C2-411B-9D3C-1A1C404C0B68}
	EndGlobalSection
EndGlobal
